
Microsoft Visual Studio Solution File, Format Version 12.00
# Visual Studio Version 17
VisualStudioVersion = 17.6.33815.320
MinimumVisualStudioVersion = 10.0.40219.1
Project("{FAE04EC0-301F-11D3-BF4B-00C04F79EFBC}") = "Snake_Game", "Snake_Game\Snake_Game.csproj", "{7A701C8F-2FFB-42EF-810E-9A6654F3EBD4}"
EndProject
Global
	GlobalSection(SolutionConfigurationPlatforms) = preSolution
		Debug|Any CPU = Debug|Any CPU
		Release|Any CPU = Release|Any CPU
	EndGlobalSection
	GlobalSection(ProjectConfigurationPlatforms) = postSolution
		{7A701C8F-2FFB-42EF-810E-9A6654F3EBD4}.Debug|Any CPU.ActiveCfg = Debug|Any CPU
		{7A701C8F-2FFB-42EF-810E-9A6654F3EBD4}.Debug|Any CPU.Build.0 = Debug|Any CPU
		{7A701C8F-2FFB-42EF-810E-9A6654F3EBD4}.Release|Any CPU.ActiveCfg = Release|Any CPU
		{7A701C8F-2FFB-42EF-810E-9A6654F3EBD4}.Release|Any CPU.Build.0 = Release|Any CPU
	EndGlobalSection
	GlobalSection(SolutionProperties) = preSolution
		HideSolutionNode = FALSE
	EndGlobalSection
	GlobalSection(ExtensibilityGlobals) = postSolution
		SolutionGuid = {321D8EB8-6B83-4F31-B8F4-7EA09BB685B5}
	EndGlobalSection
EndGlobal
